
Microsoft Visual Studio Solution File, Format Version 12.00
# Visual Studio 15
VisualStudioVersion = 15.0.26730.10
MinimumVisualStudioVersion = 10.0.40219.1
Project("{FAE04EC0-301F-11D3-BF4B-00C04F79EFBC}") = "IntegerSetConverter", "IntegerSetConverter\IntegerSetConverter.csproj", "{FB01B7CB-5A3C-41D2-BDB8-2EE7E8286B74}"
EndProject
Project("{FAE04EC0-301F-11D3-BF4B-00C04F79EFBC}") = "VectorClock", "VectorClock\VectorClock.csproj", "{90791719-CDAC-49AA-A3F1-F00E067956DB}"
EndProject
Project("{FAE04EC0-301F-11D3-BF4B-00C04F79EFBC}") = "MiscExercises", "MiscExercises\MiscExercises.csproj", "{B1A560A0-D890-464D-A9CF-7B77BCC5E1DC}"
EndProject
Project("{FAE04EC0-301F-11D3-BF4B-00C04F79EFBC}") = "CSharpOverview", "CSharpOverview\CSharpOverview.csproj", "{F9AAF369-8601-4D95-98FA-857212D18D5A}"
EndProject
Project("{FAE04EC0-301F-11D3-BF4B-00C04F79EFBC}") = "MathUtils", "MathUtils\MathUtils.csproj", "{17CDF414-347C-4A24-AB07-8C12B1A35AD1}"
EndProject
Project("{FAE04EC0-301F-11D3-BF4B-00C04F79EFBC}") = "StateMachine", "StateMachine\StateMachine.csproj", "{4FD1B54B-4EA3-40B6-BB09-626797FBFA57}"
EndProject
Project("{FAE04EC0-301F-11D3-BF4B-00C04F79EFBC}") = "MyUtils", "MyUtils\MyUtils.csproj", "{DDCF0EF7-02F4-4968-B655-9C70F0204C2D}"
EndProject
Project("{FAE04EC0-301F-11D3-BF4B-00C04F79EFBC}") = "Tracer", "Tracer\Tracer.csproj", "{3EF2EEA2-5A0F-49CE-87CA-297B6D134D11}"
EndProject
Project("{2150E333-8FDC-42A3-9474-1A3956D46DE8}") = "Libraries", "Libraries", "{2478D43C-8B11-4108-BBF3-2F2156171704}"
EndProject
Project("{2150E333-8FDC-42A3-9474-1A3956D46DE8}") = "Projects", "Projects", "{53462544-E242-4660-BDD2-02C4AFA1973D}"
EndProject
Project("{FAE04EC0-301F-11D3-BF4B-00C04F79EFBC}") = "WindowsAPI", "WindowsAPI\WindowsAPI.csproj", "{745DD28F-74DD-4006-8652-76599EF45EDC}"
EndProject
Project("{FAE04EC0-301F-11D3-BF4B-00C04F79EFBC}") = "TurtleGraphics", "TurtleGraphics\TurtleGraphics.csproj", "{CC84CBCE-A51E-43AC-82DE-4910AFF61A61}"
EndProject
Project("{FAE04EC0-301F-11D3-BF4B-00C04F79EFBC}") = "IOChain", "IOChain\IOChain.csproj", "{35966FF0-64BF-4073-AEE2-EFEAC4362323}"
EndProject
Project("{2150E333-8FDC-42A3-9474-1A3956D46DE8}") = "Draft Projects", "Draft Projects", "{B5A0F96C-985D-4AFF-86FA-2DC3906F54DC}"
EndProject
Project("{2150E333-8FDC-42A3-9474-1A3956D46DE8}") = "Draft Libraries", "Draft Libraries", "{2083AA4E-EACB-44FE-BCF7-38352C1B9B00}"
EndProject
Project("{FAE04EC0-301F-11D3-BF4B-00C04F79EFBC}") = "WinFormsLayout", "WinFormsLayout\WinFormsLayout.csproj", "{D8EC1DE4-FDD1-4B15-A041-10E09E9E5422}"
EndProject
Project("{FAE04EC0-301F-11D3-BF4B-00C04F79EFBC}") = "WinFormsIdleLoop", "WinFormsIdleLoop\WinFormsIdleLoop.csproj", "{445B8BB3-FE25-4682-8634-ABBA74A709EC}"
EndProject
Project("{FAE04EC0-301F-11D3-BF4B-00C04F79EFBC}") = "GDIPlusGraphics", "GDIPlusGraphics\GDIPlusGraphics.csproj", "{036452FB-6552-4B5A-A542-D2B84EFF6DBF}"
EndProject
Global
	GlobalSection(SolutionConfigurationPlatforms) = preSolution
		Debug|Any CPU = Debug|Any CPU
		Release|Any CPU = Release|Any CPU
	EndGlobalSection
	GlobalSection(ProjectConfigurationPlatforms) = postSolution
		{FB01B7CB-5A3C-41D2-BDB8-2EE7E8286B74}.Debug|Any CPU.ActiveCfg = Debug|Any CPU
		{FB01B7CB-5A3C-41D2-BDB8-2EE7E8286B74}.Debug|Any CPU.Build.0 = Debug|Any CPU
		{FB01B7CB-5A3C-41D2-BDB8-2EE7E8286B74}.Release|Any CPU.ActiveCfg = Release|Any CPU
		{FB01B7CB-5A3C-41D2-BDB8-2EE7E8286B74}.Release|Any CPU.Build.0 = Release|Any CPU
		{90791719-CDAC-49AA-A3F1-F00E067956DB}.Debug|Any CPU.ActiveCfg = Debug|Any CPU
		{90791719-CDAC-49AA-A3F1-F00E067956DB}.Debug|Any CPU.Build.0 = Debug|Any CPU
		{90791719-CDAC-49AA-A3F1-F00E067956DB}.Release|Any CPU.ActiveCfg = Release|Any CPU
		{90791719-CDAC-49AA-A3F1-F00E067956DB}.Release|Any CPU.Build.0 = Release|Any CPU
		{B1A560A0-D890-464D-A9CF-7B77BCC5E1DC}.Debug|Any CPU.ActiveCfg = Debug|Any CPU
		{B1A560A0-D890-464D-A9CF-7B77BCC5E1DC}.Debug|Any CPU.Build.0 = Debug|Any CPU
		{B1A560A0-D890-464D-A9CF-7B77BCC5E1DC}.Release|Any CPU.ActiveCfg = Release|Any CPU
		{B1A560A0-D890-464D-A9CF-7B77BCC5E1DC}.Release|Any CPU.Build.0 = Release|Any CPU
		{F9AAF369-8601-4D95-98FA-857212D18D5A}.Debug|Any CPU.ActiveCfg = Debug|Any CPU
		{F9AAF369-8601-4D95-98FA-857212D18D5A}.Debug|Any CPU.Build.0 = Debug|Any CPU
		{F9AAF369-8601-4D95-98FA-857212D18D5A}.Release|Any CPU.ActiveCfg = Release|Any CPU
		{F9AAF369-8601-4D95-98FA-857212D18D5A}.Release|Any CPU.Build.0 = Release|Any CPU
		{17CDF414-347C-4A24-AB07-8C12B1A35AD1}.Debug|Any CPU.ActiveCfg = Debug|Any CPU
		{17CDF414-347C-4A24-AB07-8C12B1A35AD1}.Debug|Any CPU.Build.0 = Debug|Any CPU
		{17CDF414-347C-4A24-AB07-8C12B1A35AD1}.Release|Any CPU.ActiveCfg = Release|Any CPU
		{17CDF414-347C-4A24-AB07-8C12B1A35AD1}.Release|Any CPU.Build.0 = Release|Any CPU
		{4FD1B54B-4EA3-40B6-BB09-626797FBFA57}.Debug|Any CPU.ActiveCfg = Debug|Any CPU
		{4FD1B54B-4EA3-40B6-BB09-626797FBFA57}.Debug|Any CPU.Build.0 = Debug|Any CPU
		{4FD1B54B-4EA3-40B6-BB09-626797FBFA57}.Release|Any CPU.ActiveCfg = Release|Any CPU
		{4FD1B54B-4EA3-40B6-BB09-626797FBFA57}.Release|Any CPU.Build.0 = Release|Any CPU
		{DDCF0EF7-02F4-4968-B655-9C70F0204C2D}.Debug|Any CPU.ActiveCfg = Debug|Any CPU
		{DDCF0EF7-02F4-4968-B655-9C70F0204C2D}.Debug|Any CPU.Build.0 = Debug|Any CPU
		{DDCF0EF7-02F4-4968-B655-9C70F0204C2D}.Release|Any CPU.ActiveCfg = Release|Any CPU
		{DDCF0EF7-02F4-4968-B655-9C70F0204C2D}.Release|Any CPU.Build.0 = Release|Any CPU
		{3EF2EEA2-5A0F-49CE-87CA-297B6D134D11}.Debug|Any CPU.ActiveCfg = Debug|Any CPU
		{3EF2EEA2-5A0F-49CE-87CA-297B6D134D11}.Debug|Any CPU.Build.0 = Debug|Any CPU
		{3EF2EEA2-5A0F-49CE-87CA-297B6D134D11}.Release|Any CPU.ActiveCfg = Release|Any CPU
		{3EF2EEA2-5A0F-49CE-87CA-297B6D134D11}.Release|Any CPU.Build.0 = Release|Any CPU
		{745DD28F-74DD-4006-8652-76599EF45EDC}.Debug|Any CPU.ActiveCfg = Debug|Any CPU
		{745DD28F-74DD-4006-8652-76599EF45EDC}.Debug|Any CPU.Build.0 = Debug|Any CPU
		{745DD28F-74DD-4006-8652-76599EF45EDC}.Release|Any CPU.ActiveCfg = Release|Any CPU
		{745DD28F-74DD-4006-8652-76599EF45EDC}.Release|Any CPU.Build.0 = Release|Any CPU
		{CC84CBCE-A51E-43AC-82DE-4910AFF61A61}.Debug|Any CPU.ActiveCfg = Debug|Any CPU
		{CC84CBCE-A51E-43AC-82DE-4910AFF61A61}.Debug|Any CPU.Build.0 = Debug|Any CPU
		{CC84CBCE-A51E-43AC-82DE-4910AFF61A61}.Release|Any CPU.ActiveCfg = Release|Any CPU
		{CC84CBCE-A51E-43AC-82DE-4910AFF61A61}.Release|Any CPU.Build.0 = Release|Any CPU
		{35966FF0-64BF-4073-AEE2-EFEAC4362323}.Debug|Any CPU.ActiveCfg = Debug|Any CPU
		{35966FF0-64BF-4073-AEE2-EFEAC4362323}.Debug|Any CPU.Build.0 = Debug|Any CPU
		{35966FF0-64BF-4073-AEE2-EFEAC4362323}.Release|Any CPU.ActiveCfg = Release|Any CPU
		{35966FF0-64BF-4073-AEE2-EFEAC4362323}.Release|Any CPU.Build.0 = Release|Any CPU
		{D8EC1DE4-FDD1-4B15-A041-10E09E9E5422}.Debug|Any CPU.ActiveCfg = Debug|Any CPU
		{D8EC1DE4-FDD1-4B15-A041-10E09E9E5422}.Debug|Any CPU.Build.0 = Debug|Any CPU
		{D8EC1DE4-FDD1-4B15-A041-10E09E9E5422}.Release|Any CPU.ActiveCfg = Release|Any CPU
		{D8EC1DE4-FDD1-4B15-A041-10E09E9E5422}.Release|Any CPU.Build.0 = Release|Any CPU
		{445B8BB3-FE25-4682-8634-ABBA74A709EC}.Debug|Any CPU.ActiveCfg = Debug|Any CPU
		{445B8BB3-FE25-4682-8634-ABBA74A709EC}.Debug|Any CPU.Build.0 = Debug|Any CPU
		{445B8BB3-FE25-4682-8634-ABBA74A709EC}.Release|Any CPU.ActiveCfg = Release|Any CPU
		{445B8BB3-FE25-4682-8634-ABBA74A709EC}.Release|Any CPU.Build.0 = Release|Any CPU
		{036452FB-6552-4B5A-A542-D2B84EFF6DBF}.Debug|Any CPU.ActiveCfg = Debug|Any CPU
		{036452FB-6552-4B5A-A542-D2B84EFF6DBF}.Debug|Any CPU.Build.0 = Debug|Any CPU
		{036452FB-6552-4B5A-A542-D2B84EFF6DBF}.Release|Any CPU.ActiveCfg = Release|Any CPU
		{036452FB-6552-4B5A-A542-D2B84EFF6DBF}.Release|Any CPU.Build.0 = Release|Any CPU
	EndGlobalSection
	GlobalSection(SolutionProperties) = preSolution
		HideSolutionNode = FALSE
	EndGlobalSection
	GlobalSection(NestedProjects) = preSolution
		{FB01B7CB-5A3C-41D2-BDB8-2EE7E8286B74} = {53462544-E242-4660-BDD2-02C4AFA1973D}
		{90791719-CDAC-49AA-A3F1-F00E067956DB} = {53462544-E242-4660-BDD2-02C4AFA1973D}
		{B1A560A0-D890-464D-A9CF-7B77BCC5E1DC} = {53462544-E242-4660-BDD2-02C4AFA1973D}
		{F9AAF369-8601-4D95-98FA-857212D18D5A} = {B5A0F96C-985D-4AFF-86FA-2DC3906F54DC}
		{17CDF414-347C-4A24-AB07-8C12B1A35AD1} = {2478D43C-8B11-4108-BBF3-2F2156171704}
		{4FD1B54B-4EA3-40B6-BB09-626797FBFA57} = {2478D43C-8B11-4108-BBF3-2F2156171704}
		{DDCF0EF7-02F4-4968-B655-9C70F0204C2D} = {2478D43C-8B11-4108-BBF3-2F2156171704}
		{3EF2EEA2-5A0F-49CE-87CA-297B6D134D11} = {2083AA4E-EACB-44FE-BCF7-38352C1B9B00}
		{745DD28F-74DD-4006-8652-76599EF45EDC} = {2478D43C-8B11-4108-BBF3-2F2156171704}
		{CC84CBCE-A51E-43AC-82DE-4910AFF61A61} = {B5A0F96C-985D-4AFF-86FA-2DC3906F54DC}
		{35966FF0-64BF-4073-AEE2-EFEAC4362323} = {53462544-E242-4660-BDD2-02C4AFA1973D}
		{D8EC1DE4-FDD1-4B15-A041-10E09E9E5422} = {53462544-E242-4660-BDD2-02C4AFA1973D}
		{445B8BB3-FE25-4682-8634-ABBA74A709EC} = {53462544-E242-4660-BDD2-02C4AFA1973D}
		{036452FB-6552-4B5A-A542-D2B84EFF6DBF} = {53462544-E242-4660-BDD2-02C4AFA1973D}
	EndGlobalSection
	GlobalSection(ExtensibilityGlobals) = postSolution
		SolutionGuid = {12FB92D0-7035-419E-AA98-F4A7CF783391}
	EndGlobalSection
EndGlobal
